
Microsoft Visual Studio Solution File, Format Version 12.00
# Visual Studio Version 17
VisualStudioVersion = 17.3.32922.545
MinimumVisualStudioVersion = 10.0.40219.1
Project("{9A19103F-16F7-4668-BE54-9A1E7A4F7556}") = "Contracts", "Contracts\Contracts.csproj", "{07907045-4235-446D-B7A3-9EED7D26D9A7}"
EndProject
Project("{9A19103F-16F7-4668-BE54-9A1E7A4F7556}") = "Silo", "Silo\Silo.csproj", "{F94BA939-0BFA-49D8-AF2E-5F56F7A6E8CE}"
EndProject
Project("{9A19103F-16F7-4668-BE54-9A1E7A4F7556}") = "Client", "Client\Client.csproj", "{E4761EFB-5DA2-491E-8BFD-87BC08F37A6D}"
EndProject
Project("{9A19103F-16F7-4668-BE54-9A1E7A4F7556}") = "GrainInterfaces", "GrainInterfaces\GrainInterfaces.csproj", "{AC82ECAC-080A-46C2-A643-172DCB5C17B4}"
EndProject
Project("{9A19103F-16F7-4668-BE54-9A1E7A4F7556}") = "Grains", "Grains\Grains.csproj", "{1AE1FB2C-30DD-45E4-9220-56D9EF9CEF2E}"
EndProject
Project("{2150E333-8FDC-42A3-9474-1A3956D46DE8}") = "Files", "Files", "{D40B5DED-353E-41B6-975F-FE1648913B58}"
	ProjectSection(SolutionItems) = preProject
		README.md = README.md
	EndProjectSection
EndProject
Project("{FAE04EC0-301F-11D3-BF4B-00C04F79EFBC}") = "WebApi", "WebApi\WebApi.csproj", "{68615550-8F1E-4605-8463-E28FEDF583D5}"
EndProject
Project("{FAE04EC0-301F-11D3-BF4B-00C04F79EFBC}") = "Crawler", "Crawler\Crawler.csproj", "{7D25A7F2-6D2C-4653-9675-E1456C1CEB86}"
EndProject
Project("{2150E333-8FDC-42A3-9474-1A3956D46DE8}") = "procurement-data", "procurement-data", "{D8D1A8DB-6248-4695-8B57-C3884F543A56}"
EndProject
Project("{2150E333-8FDC-42A3-9474-1A3956D46DE8}") = "feed", "feed", "{87E8E0E2-C7D5-4996-837E-24E49D98E3A7}"
	ProjectSection(SolutionItems) = preProject
		Documents\procurement-data\feed\active.rss = Documents\procurement-data\feed\active.rss
		Documents\procurement-data\feed\active_link.rss = Documents\procurement-data\feed\active_link.rss
		Documents\procurement-data\feed\amended.rss = Documents\procurement-data\feed\amended.rss
		Documents\procurement-data\feed\amended_link.rss = Documents\procurement-data\feed\amended_link.rss
		Documents\procurement-data\feed\awarded.rss = Documents\procurement-data\feed\awarded.rss
		Documents\procurement-data\feed\awarded_link.rss = Documents\procurement-data\feed\awarded_link.rss
		Documents\procurement-data\feed\expired.rss = Documents\procurement-data\feed\expired.rss
		Documents\procurement-data\feed\expired_link.rss = Documents\procurement-data\feed\expired_link.rss
	EndProjectSection
EndProject
Global
	GlobalSection(SolutionConfigurationPlatforms) = preSolution
		Debug|Any CPU = Debug|Any CPU
		Release|Any CPU = Release|Any CPU
	EndGlobalSection
	GlobalSection(ProjectConfigurationPlatforms) = postSolution
		{07907045-4235-446D-B7A3-9EED7D26D9A7}.Debug|Any CPU.ActiveCfg = Debug|Any CPU
		{07907045-4235-446D-B7A3-9EED7D26D9A7}.Debug|Any CPU.Build.0 = Debug|Any CPU
		{07907045-4235-446D-B7A3-9EED7D26D9A7}.Release|Any CPU.ActiveCfg = Release|Any CPU
		{07907045-4235-446D-B7A3-9EED7D26D9A7}.Release|Any CPU.Build.0 = Release|Any CPU
		{F94BA939-0BFA-49D8-AF2E-5F56F7A6E8CE}.Debug|Any CPU.ActiveCfg = Debug|Any CPU
		{F94BA939-0BFA-49D8-AF2E-5F56F7A6E8CE}.Debug|Any CPU.Build.0 = Debug|Any CPU
		{F94BA939-0BFA-49D8-AF2E-5F56F7A6E8CE}.Release|Any CPU.ActiveCfg = Release|Any CPU
		{F94BA939-0BFA-49D8-AF2E-5F56F7A6E8CE}.Release|Any CPU.Build.0 = Release|Any CPU
		{E4761EFB-5DA2-491E-8BFD-87BC08F37A6D}.Debug|Any CPU.ActiveCfg = Debug|Any CPU
		{E4761EFB-5DA2-491E-8BFD-87BC08F37A6D}.Debug|Any CPU.Build.0 = Debug|Any CPU
		{E4761EFB-5DA2-491E-8BFD-87BC08F37A6D}.Release|Any CPU.ActiveCfg = Release|Any CPU
		{E4761EFB-5DA2-491E-8BFD-87BC08F37A6D}.Release|Any CPU.Build.0 = Release|Any CPU
		{AC82ECAC-080A-46C2-A643-172DCB5C17B4}.Debug|Any CPU.ActiveCfg = Debug|Any CPU
		{AC82ECAC-080A-46C2-A643-172DCB5C17B4}.Debug|Any CPU.Build.0 = Debug|Any CPU
		{AC82ECAC-080A-46C2-A643-172DCB5C17B4}.Release|Any CPU.ActiveCfg = Release|Any CPU
		{AC82ECAC-080A-46C2-A643-172DCB5C17B4}.Release|Any CPU.Build.0 = Release|Any CPU
		{1AE1FB2C-30DD-45E4-9220-56D9EF9CEF2E}.Debug|Any CPU.ActiveCfg = Debug|Any CPU
		{1AE1FB2C-30DD-45E4-9220-56D9EF9CEF2E}.Debug|Any CPU.Build.0 = Debug|Any CPU
		{1AE1FB2C-30DD-45E4-9220-56D9EF9CEF2E}.Release|Any CPU.ActiveCfg = Release|Any CPU
		{1AE1FB2C-30DD-45E4-9220-56D9EF9CEF2E}.Release|Any CPU.Build.0 = Release|Any CPU
		{68615550-8F1E-4605-8463-E28FEDF583D5}.Debug|Any CPU.ActiveCfg = Debug|Any CPU
		{68615550-8F1E-4605-8463-E28FEDF583D5}.Debug|Any CPU.Build.0 = Debug|Any CPU
		{68615550-8F1E-4605-8463-E28FEDF583D5}.Release|Any CPU.ActiveCfg = Release|Any CPU
		{68615550-8F1E-4605-8463-E28FEDF583D5}.Release|Any CPU.Build.0 = Release|Any CPU
		{7D25A7F2-6D2C-4653-9675-E1456C1CEB86}.Debug|Any CPU.ActiveCfg = Debug|Any CPU
		{7D25A7F2-6D2C-4653-9675-E1456C1CEB86}.Debug|Any CPU.Build.0 = Debug|Any CPU
		{7D25A7F2-6D2C-4653-9675-E1456C1CEB86}.Release|Any CPU.ActiveCfg = Release|Any CPU
		{7D25A7F2-6D2C-4653-9675-E1456C1CEB86}.Release|Any CPU.Build.0 = Release|Any CPU
	EndGlobalSection
	GlobalSection(SolutionProperties) = preSolution
		HideSolutionNode = FALSE
	EndGlobalSection
	GlobalSection(NestedProjects) = preSolution
		{D8D1A8DB-6248-4695-8B57-C3884F543A56} = {D40B5DED-353E-41B6-975F-FE1648913B58}
		{87E8E0E2-C7D5-4996-837E-24E49D98E3A7} = {D8D1A8DB-6248-4695-8B57-C3884F543A56}
	EndGlobalSection
	GlobalSection(ExtensibilityGlobals) = postSolution
		SolutionGuid = {D4F72F28-425A-4429-83AB-B57A45081DB0}
	EndGlobalSection
EndGlobal
